
Microsoft Visual Studio Solution File, Format Version 12.00
# Visual Studio 15
VisualStudioVersion = 15.0.28307.1169
MinimumVisualStudioVersion = 10.0.40219.1
Project("{FAE04EC0-301F-11D3-BF4B-00C04F79EFBC}") = "Vidly", "Vidly\Vidly.csproj", "{888F7A56-E934-4B9C-B6F9-A2B42300BF8A}"
EndProject
Global
	GlobalSection(SolutionConfigurationPlatforms) = preSolution
		Debug|Any CPU = Debug|Any CPU
		Release|Any CPU = Release|Any CPU
	EndGlobalSection
	GlobalSection(ProjectConfigurationPlatforms) = postSolution
		{888F7A56-E934-4B9C-B6F9-A2B42300BF8A}.Debug|Any CPU.ActiveCfg = Debug|Any CPU
		{888F7A56-E934-4B9C-B6F9-A2B42300BF8A}.Debug|Any CPU.Build.0 = Debug|Any CPU
		{888F7A56-E934-4B9C-B6F9-A2B42300BF8A}.Release|Any CPU.ActiveCfg = Release|Any CPU
		{888F7A56-E934-4B9C-B6F9-A2B42300BF8A}.Release|Any CPU.Build.0 = Release|Any CPU
	EndGlobalSection
	GlobalSection(SolutionProperties) = preSolution
		HideSolutionNode = FALSE
	EndGlobalSection
	GlobalSection(ExtensibilityGlobals) = postSolution
		SolutionGuid = {9CD34881-8F99-4AD9-99EA-254B4885D489}
	EndGlobalSection
EndGlobal
